
Microsoft Visual Studio Solution File, Format Version 12.00
# Visual Studio Version 16
VisualStudioVersion = 16.0.31321.278
MinimumVisualStudioVersion = 10.0.40219.1
Project("{9A19103F-16F7-4668-BE54-9A1E7A4F7556}") = "DMEngine", "DMEngine\DMEngine.csproj", "{F3434BC5-300A-467C-B7BD-60F47BEA94AE}"
EndProject
Project("{FAE04EC0-301F-11D3-BF4B-00C04F79EFBC}") = "DungeonAssistant", "DungeonAssistant\DungeonAssistant.csproj", "{FA2E8BEE-A91E-401B-825D-78377374A9D9}"
EndProject
Global
	GlobalSection(SolutionConfigurationPlatforms) = preSolution
		Debug|Any CPU = Debug|Any CPU
		Release|Any CPU = Release|Any CPU
	EndGlobalSection
	GlobalSection(ProjectConfigurationPlatforms) = postSolution
		{F3434BC5-300A-467C-B7BD-60F47BEA94AE}.Debug|Any CPU.ActiveCfg = Debug|Any CPU
		{F3434BC5-300A-467C-B7BD-60F47BEA94AE}.Debug|Any CPU.Build.0 = Debug|Any CPU
		{F3434BC5-300A-467C-B7BD-60F47BEA94AE}.Release|Any CPU.ActiveCfg = Release|Any CPU
		{F3434BC5-300A-467C-B7BD-60F47BEA94AE}.Release|Any CPU.Build.0 = Release|Any CPU
		{FA2E8BEE-A91E-401B-825D-78377374A9D9}.Debug|Any CPU.ActiveCfg = Debug|Any CPU
		{FA2E8BEE-A91E-401B-825D-78377374A9D9}.Debug|Any CPU.Build.0 = Debug|Any CPU
		{FA2E8BEE-A91E-401B-825D-78377374A9D9}.Release|Any CPU.ActiveCfg = Release|Any CPU
		{FA2E8BEE-A91E-401B-825D-78377374A9D9}.Release|Any CPU.Build.0 = Release|Any CPU
	EndGlobalSection
	GlobalSection(SolutionProperties) = preSolution
		HideSolutionNode = FALSE
	EndGlobalSection
	GlobalSection(ExtensibilityGlobals) = postSolution
		SolutionGuid = {A1BD787A-9179-4529-87EF-66B5CDFF6DBC}
	EndGlobalSection
EndGlobal
