
Microsoft Visual Studio Solution File, Format Version 12.00
# Visual Studio 15
VisualStudioVersion = 15.0.28307.539
MinimumVisualStudioVersion = 10.0.40219.1
Project("{FAE04EC0-301F-11D3-BF4B-00C04F79EFBC}") = "DMAssistant", "DMAssistant\DMAssistant.csproj", "{5164B180-B271-45DD-8C8E-C0E477E288F1}"
EndProject
Global
	GlobalSection(SolutionConfigurationPlatforms) = preSolution
		Debug|Any CPU = Debug|Any CPU
		Release|Any CPU = Release|Any CPU
	EndGlobalSection
	GlobalSection(ProjectConfigurationPlatforms) = postSolution
		{5164B180-B271-45DD-8C8E-C0E477E288F1}.Debug|Any CPU.ActiveCfg = Debug|Any CPU
		{5164B180-B271-45DD-8C8E-C0E477E288F1}.Debug|Any CPU.Build.0 = Debug|Any CPU
		{5164B180-B271-45DD-8C8E-C0E477E288F1}.Release|Any CPU.ActiveCfg = Release|Any CPU
		{5164B180-B271-45DD-8C8E-C0E477E288F1}.Release|Any CPU.Build.0 = Release|Any CPU
	EndGlobalSection
	GlobalSection(SolutionProperties) = preSolution
		HideSolutionNode = FALSE
	EndGlobalSection
	GlobalSection(ExtensibilityGlobals) = postSolution
		SolutionGuid = {A1BD787A-9179-4529-87EF-66B5CDFF6DBC}
	EndGlobalSection
EndGlobal
